
Microsoft Visual Studio Solution File, Format Version 12.00
# Visual Studio 2012
Project("{FAE04EC0-301F-11D3-BF4B-00C04F79EFBC}") = "ApiCore", "ApiCore\ApiCore.csproj", "{6885B1CF-B02D-4AB0-9F5C-A3EE4974655C}"
EndProject
Project("{FAE04EC0-301F-11D3-BF4B-00C04F79EFBC}") = "Client", "Examples\Client\Client.csproj", "{B4EFE3AE-652F-4A1B-B280-9F5C638A6ECE}"
EndProject
Project("{FAE04EC0-301F-11D3-BF4B-00C04F79EFBC}") = "PhotoExplorer", "Examples\PhotoExplorer\PhotoExplorer.csproj", "{5C24025C-E55C-4DBC-8719-43CB81BCC87D}"
EndProject
Project("{FAE04EC0-301F-11D3-BF4B-00C04F79EFBC}") = "ApiCore.WinForms", "ApiCore.WinForms\ApiCore.WinForms.csproj", "{AD93120E-0D67-4518-846F-594B1900E40F}"
EndProject
Global
	GlobalSection(SolutionConfigurationPlatforms) = preSolution
		Debug|Any CPU = Debug|Any CPU
		Debug|Mixed Platforms = Debug|Mixed Platforms
		Debug|x86 = Debug|x86
		Release|Any CPU = Release|Any CPU
		Release|Mixed Platforms = Release|Mixed Platforms
		Release|x86 = Release|x86
	EndGlobalSection
	GlobalSection(ProjectConfigurationPlatforms) = postSolution
		{6885B1CF-B02D-4AB0-9F5C-A3EE4974655C}.Debug|Any CPU.ActiveCfg = Debug|Any CPU
		{6885B1CF-B02D-4AB0-9F5C-A3EE4974655C}.Debug|Any CPU.Build.0 = Debug|Any CPU
		{6885B1CF-B02D-4AB0-9F5C-A3EE4974655C}.Debug|Mixed Platforms.ActiveCfg = Debug|Any CPU
		{6885B1CF-B02D-4AB0-9F5C-A3EE4974655C}.Debug|Mixed Platforms.Build.0 = Debug|Any CPU
		{6885B1CF-B02D-4AB0-9F5C-A3EE4974655C}.Debug|x86.ActiveCfg = Debug|Any CPU
		{6885B1CF-B02D-4AB0-9F5C-A3EE4974655C}.Release|Any CPU.ActiveCfg = Release|Any CPU
		{6885B1CF-B02D-4AB0-9F5C-A3EE4974655C}.Release|Any CPU.Build.0 = Release|Any CPU
		{6885B1CF-B02D-4AB0-9F5C-A3EE4974655C}.Release|Mixed Platforms.ActiveCfg = Release|Any CPU
		{6885B1CF-B02D-4AB0-9F5C-A3EE4974655C}.Release|Mixed Platforms.Build.0 = Release|Any CPU
		{6885B1CF-B02D-4AB0-9F5C-A3EE4974655C}.Release|x86.ActiveCfg = Release|Any CPU
		{B4EFE3AE-652F-4A1B-B280-9F5C638A6ECE}.Debug|Any CPU.ActiveCfg = Debug|Any CPU
		{B4EFE3AE-652F-4A1B-B280-9F5C638A6ECE}.Debug|Any CPU.Build.0 = Debug|Any CPU
		{B4EFE3AE-652F-4A1B-B280-9F5C638A6ECE}.Debug|Mixed Platforms.ActiveCfg = Debug|Any CPU
		{B4EFE3AE-652F-4A1B-B280-9F5C638A6ECE}.Debug|Mixed Platforms.Build.0 = Debug|Any CPU
		{B4EFE3AE-652F-4A1B-B280-9F5C638A6ECE}.Debug|x86.ActiveCfg = Debug|Any CPU
		{B4EFE3AE-652F-4A1B-B280-9F5C638A6ECE}.Release|Any CPU.ActiveCfg = Release|Any CPU
		{B4EFE3AE-652F-4A1B-B280-9F5C638A6ECE}.Release|Any CPU.Build.0 = Release|Any CPU
		{B4EFE3AE-652F-4A1B-B280-9F5C638A6ECE}.Release|Mixed Platforms.ActiveCfg = Release|Any CPU
		{B4EFE3AE-652F-4A1B-B280-9F5C638A6ECE}.Release|Mixed Platforms.Build.0 = Release|Any CPU
		{B4EFE3AE-652F-4A1B-B280-9F5C638A6ECE}.Release|x86.ActiveCfg = Release|Any CPU
		{5C24025C-E55C-4DBC-8719-43CB81BCC87D}.Debug|Any CPU.ActiveCfg = Debug|x86
		{5C24025C-E55C-4DBC-8719-43CB81BCC87D}.Debug|Mixed Platforms.ActiveCfg = Debug|x86
		{5C24025C-E55C-4DBC-8719-43CB81BCC87D}.Debug|Mixed Platforms.Build.0 = Debug|x86
		{5C24025C-E55C-4DBC-8719-43CB81BCC87D}.Debug|x86.ActiveCfg = Debug|x86
		{5C24025C-E55C-4DBC-8719-43CB81BCC87D}.Debug|x86.Build.0 = Debug|x86
		{5C24025C-E55C-4DBC-8719-43CB81BCC87D}.Release|Any CPU.ActiveCfg = Release|x86
		{5C24025C-E55C-4DBC-8719-43CB81BCC87D}.Release|Mixed Platforms.ActiveCfg = Release|x86
		{5C24025C-E55C-4DBC-8719-43CB81BCC87D}.Release|Mixed Platforms.Build.0 = Release|x86
		{5C24025C-E55C-4DBC-8719-43CB81BCC87D}.Release|x86.ActiveCfg = Release|x86
		{5C24025C-E55C-4DBC-8719-43CB81BCC87D}.Release|x86.Build.0 = Release|x86
		{AD93120E-0D67-4518-846F-594B1900E40F}.Debug|Any CPU.ActiveCfg = Debug|Any CPU
		{AD93120E-0D67-4518-846F-594B1900E40F}.Debug|Any CPU.Build.0 = Debug|Any CPU
		{AD93120E-0D67-4518-846F-594B1900E40F}.Debug|Mixed Platforms.ActiveCfg = Debug|Any CPU
		{AD93120E-0D67-4518-846F-594B1900E40F}.Debug|Mixed Platforms.Build.0 = Debug|Any CPU
		{AD93120E-0D67-4518-846F-594B1900E40F}.Debug|x86.ActiveCfg = Debug|Any CPU
		{AD93120E-0D67-4518-846F-594B1900E40F}.Release|Any CPU.ActiveCfg = Release|Any CPU
		{AD93120E-0D67-4518-846F-594B1900E40F}.Release|Any CPU.Build.0 = Release|Any CPU
		{AD93120E-0D67-4518-846F-594B1900E40F}.Release|Mixed Platforms.ActiveCfg = Release|Any CPU
		{AD93120E-0D67-4518-846F-594B1900E40F}.Release|Mixed Platforms.Build.0 = Release|Any CPU
		{AD93120E-0D67-4518-846F-594B1900E40F}.Release|x86.ActiveCfg = Release|Any CPU
	EndGlobalSection
	GlobalSection(SolutionProperties) = preSolution
		HideSolutionNode = FALSE
	EndGlobalSection
EndGlobal
